{
  "R": {
    "Version": "4.5.1",
    "Repositories": [
      {
        "Name": "CRAN",
        "URL": "http://cran.rstudio.com"
      }
    ]
  },
  "Packages": {
    "evaluate": {
      "Package": "evaluate",
      "Version": "1.0.5",
      "Source": "Repository",
      "Repository": "CRAN",
      "Hash": "94cf2c54237f6841cee68e3ba4ab5a14",
      "Requirements": []
    },
    "glue": {
      "Package": "glue",
      "Version": "1.8.0",
      "Source": "Repository",
      "Repository": "CRAN",
      "Hash": "5899f1eaa825580172bb56c08266f37c",
      "Requirements": []
    },
    "highr": {
      "Package": "highr",
      "Version": "0.11",
      "Source": "Repository",
      "Repository": "CRAN",
      "Hash": "d65ba49117ca223614f71b60d85b8ab7",
      "Requirements": [
        "xfun"
      ]
    },
    "knitr": {
      "Package": "knitr",
      "Version": "1.50",
      "Source": "Repository",
      "Repository": "CRAN",
      "Hash": "5a07d8ec459d7b80bd4acca5f4a6e062",
      "Requirements": [
        "evaluate",
        "highr",
        "xfun",
        "yaml"
      ]
    },
    "renv": {
      "Package": "renv",
      "Version": "0.15.5",
      "Source": "Repository",
      "Repository": "CRAN",
      "Hash": "6a38294e7d12f5d8e656b08c5bd8ae34",
      "Requirements": []
    },
    "xfun": {
      "Package": "xfun",
      "Version": "0.53",
      "Source": "Repository",
      "Repository": "CRAN",
      "Hash": "1befe97a0d56060b3964e3986d408df9",
      "Requirements": []
    },
    "yaml": {
      "Package": "yaml",
      "Version": "2.3.10",
      "Source": "Repository",
      "Repository": "CRAN",
      "Hash": "51dab85c6c98e50a18d7551e9d49f76c",
      "Requirements": []
    }
  }
}
